
Microsoft Visual Studio Solution File, Format Version 12.00
# Visual Studio 2017
Project("{FAE04EC0-301F-11D3-BF4B-00C04F79EFBC}") = "oni", "oni.csproj", "{34B46483-C77D-D8C9-9843-18754FA83E4A}"
EndProject
Project("{FAE04EC0-301F-11D3-BF4B-00C04F79EFBC}") = "oni.Plugins", "oni.Plugins.csproj", "{B1BC257A-D918-19D6-9D66-70B3CB338568}"
EndProject
Global
	GlobalSection(SolutionConfigurationPlatforms) = preSolution
		Debug|Any CPU = Debug|Any CPU
		Release|Any CPU = Release|Any CPU
	EndGlobalSection
	GlobalSection(ProjectConfigurationPlatforms) = postSolution
		{34B46483-C77D-D8C9-9843-18754FA83E4A}.Debug|Any CPU.ActiveCfg = Debug|Any CPU
		{34B46483-C77D-D8C9-9843-18754FA83E4A}.Debug|Any CPU.Build.0 = Debug|Any CPU
		{34B46483-C77D-D8C9-9843-18754FA83E4A}.Release|Any CPU.ActiveCfg = Release|Any CPU
		{34B46483-C77D-D8C9-9843-18754FA83E4A}.Release|Any CPU.Build.0 = Release|Any CPU
		{B1BC257A-D918-19D6-9D66-70B3CB338568}.Debug|Any CPU.ActiveCfg = Debug|Any CPU
		{B1BC257A-D918-19D6-9D66-70B3CB338568}.Debug|Any CPU.Build.0 = Debug|Any CPU
		{B1BC257A-D918-19D6-9D66-70B3CB338568}.Release|Any CPU.ActiveCfg = Release|Any CPU
		{B1BC257A-D918-19D6-9D66-70B3CB338568}.Release|Any CPU.Build.0 = Release|Any CPU
	EndGlobalSection
	GlobalSection(SolutionProperties) = preSolution
		HideSolutionNode = FALSE
	EndGlobalSection
EndGlobal
